// !$*UTF8*$!
{
	archiveVersion = 1;
	classes = {
	};
	objectVersion = 50;
	objects = {

/* Begin PBXBuildFile section */
		600C400B26A09BF7005A2EB4 /* FruitDetailView.swift in Sources */ = {isa = PBXBuildFile; fileRef = 600C400A26A09BF7005A2EB4 /* FruitDetailView.swift */; };
		600C400D26A09FCC005A2EB4 /* FruitHeaderView.swift in Sources */ = {isa = PBXBuildFile; fileRef = 600C400C26A09FCC005A2EB4 /* FruitHeaderView.swift */; };
		600C400F26A0A296005A2EB4 /* SourceLinkView.swift in Sources */ = {isa = PBXBuildFile; fileRef = 600C400E26A0A296005A2EB4 /* SourceLinkView.swift */; };
		605A63BA2684E4E800FEB64B /* FructusApp.swift in Sources */ = {isa = PBXBuildFile; fileRef = 605A63B92684E4E800FEB64B /* FructusApp.swift */; };
		605A63BC2684E4E800FEB64B /* ContentView.swift in Sources */ = {isa = PBXBuildFile; fileRef = 605A63BB2684E4E800FEB64B /* ContentView.swift */; };
		605A63BE2684E4E800FEB64B /* Assets.xcassets in Resources */ = {isa = PBXBuildFile; fileRef = 605A63BD2684E4E800FEB64B /* Assets.xcassets */; };
		605A63C12684E4E800FEB64B /* Preview Assets.xcassets in Resources */ = {isa = PBXBuildFile; fileRef = 605A63C02684E4E800FEB64B /* Preview Assets.xcassets */; };
		605A63CB2684E63300FEB64B /* FruitCardView.swift in Sources */ = {isa = PBXBuildFile; fileRef = 605A63CA2684E63300FEB64B /* FruitCardView.swift */; };
		605A63CD2684EA9400FEB64B /* StartButtonView.swift in Sources */ = {isa = PBXBuildFile; fileRef = 605A63CC2684EA9400FEB64B /* StartButtonView.swift */; };
		605A63CF2684EE5900FEB64B /* OnboardingView.swift in Sources */ = {isa = PBXBuildFile; fileRef = 605A63CE2684EE5900FEB64B /* OnboardingView.swift */; };
		605A63D22684F15800FEB64B /* FruitModel.swift in Sources */ = {isa = PBXBuildFile; fileRef = 605A63D12684F15800FEB64B /* FruitModel.swift */; };
		605A63D52684F27A00FEB64B /* FruitData.swift in Sources */ = {isa = PBXBuildFile; fileRef = 605A63D42684F27A00FEB64B /* FruitData.swift */; };
		6070D58F269DE60800C0DFCF /* FruitRowView.swift in Sources */ = {isa = PBXBuildFile; fileRef = 6070D58E269DE60800C0DFCF /* FruitRowView.swift */; };
/* End PBXBuildFile section */

/* Begin PBXFileReference section */
		600C400A26A09BF7005A2EB4 /* FruitDetailView.swift */ = {isa = PBXFileReference; lastKnownFileType = sourcecode.swift; path = FruitDetailView.swift; sourceTree = "<group>"; };
		600C400C26A09FCC005A2EB4 /* FruitHeaderView.swift */ = {isa = PBXFileReference; lastKnownFileType = sourcecode.swift; path = FruitHeaderView.swift; sourceTree = "<group>"; };
		600C400E26A0A296005A2EB4 /* SourceLinkView.swift */ = {isa = PBXFileReference; lastKnownFileType = sourcecode.swift; path = SourceLinkView.swift; sourceTree = "<group>"; };
		605A63B62684E4E800FEB64B /* Fructus.app */ = {isa = PBXFileReference; explicitFileType = wrapper.application; includeInIndex = 0; path = Fructus.app; sourceTree = BUILT_PRODUCTS_DIR; };
		605A63B92684E4E800FEB64B /* FructusApp.swift */ = {isa = PBXFileReference; lastKnownFileType = sourcecode.swift; path = FructusApp.swift; sourceTree = "<group>"; };
		605A63BB2684E4E800FEB64B /* ContentView.swift */ = {isa = PBXFileReference; lastKnownFileType = sourcecode.swift; path = ContentView.swift; sourceTree = "<group>"; };
		605A63BD2684E4E800FEB64B /* Assets.xcassets */ = {isa = PBXFileReference; lastKnownFileType = folder.assetcatalog; path = Assets.xcassets; sourceTree = "<group>"; };
		605A63C02684E4E800FEB64B /* Preview Assets.xcassets */ = {isa = PBXFileReference; lastKnownFileType = folder.assetcatalog; path = "Preview Assets.xcassets"; sourceTree = "<group>"; };
		605A63C22684E4E800FEB64B /* Info.plist */ = {isa = PBXFileReference; lastKnownFileType = text.plist.xml; path = Info.plist; sourceTree = "<group>"; };
		605A63CA2684E63300FEB64B /* FruitCardView.swift */ = {isa = PBXFileReference; lastKnownFileType = sourcecode.swift; name = FruitCardView.swift; path = Fructus/FruitCardView.swift; sourceTree = SOURCE_ROOT; };
		605A63CC2684EA9400FEB64B /* StartButtonView.swift */ = {isa = PBXFileReference; lastKnownFileType = sourcecode.swift; path = StartButtonView.swift; sourceTree = "<group>"; };
		605A63CE2684EE5900FEB64B /* OnboardingView.swift */ = {isa = PBXFileReference; lastKnownFileType = sourcecode.swift; path = OnboardingView.swift; sourceTree = "<group>"; };
		605A63D12684F15800FEB64B /* FruitModel.swift */ = {isa = PBXFileReference; lastKnownFileType = sourcecode.swift; path = FruitModel.swift; sourceTree = "<group>"; };
		605A63D42684F27A00FEB64B /* FruitData.swift */ = {isa = PBXFileReference; lastKnownFileType = sourcecode.swift; path = FruitData.swift; sourceTree = "<group>"; };
		6070D58E269DE60800C0DFCF /* FruitRowView.swift */ = {isa = PBXFileReference; lastKnownFileType = sourcecode.swift; path = FruitRowView.swift; sourceTree = "<group>"; };
/* End PBXFileReference section */

/* Begin PBXFrameworksBuildPhase section */
		605A63B32684E4E800FEB64B /* Frameworks */ = {
			isa = PBXFrameworksBuildPhase;
			buildActionMask = 2147483647;
			files = (
			);
			runOnlyForDeploymentPostprocessing = 0;
		};
/* End PBXFrameworksBuildPhase section */

/* Begin PBXGroup section */
		605A63AD2684E4E800FEB64B = {
			isa = PBXGroup;
			children = (
				605A63B82684E4E800FEB64B /* Fructus */,
				605A63B72684E4E800FEB64B /* Products */,
			);
			sourceTree = "<group>";
		};
		605A63B72684E4E800FEB64B /* Products */ = {
			isa = PBXGroup;
			children = (
				605A63B62684E4E800FEB64B /* Fructus.app */,
			);
			name = Products;
			sourceTree = "<group>";
		};
		605A63B82684E4E800FEB64B /* Fructus */ = {
			isa = PBXGroup;
			children = (
				605A63D32684F26E00FEB64B /* Data */,
				605A63D02684F14000FEB64B /* Model */,
				605A63C92684E61900FEB64B /* View */,
				605A63C82684E5F500FEB64B /* App */,
				605A63BD2684E4E800FEB64B /* Assets.xcassets */,
				605A63C22684E4E800FEB64B /* Info.plist */,
				605A63BF2684E4E800FEB64B /* Preview Content */,
			);
			path = Fructus;
			sourceTree = "<group>";
		};
		605A63BF2684E4E800FEB64B /* Preview Content */ = {
			isa = PBXGroup;
			children = (
				605A63C02684E4E800FEB64B /* Preview Assets.xcassets */,
			);
			path = "Preview Content";
			sourceTree = "<group>";
		};
		605A63C82684E5F500FEB64B /* App */ = {
			isa = PBXGroup;
			children = (
				605A63B92684E4E800FEB64B /* FructusApp.swift */,
				605A63BB2684E4E800FEB64B /* ContentView.swift */,
				605A63CE2684EE5900FEB64B /* OnboardingView.swift */,
				600C400A26A09BF7005A2EB4 /* FruitDetailView.swift */,
			);
			path = App;
			sourceTree = "<group>";
		};
		605A63C92684E61900FEB64B /* View */ = {
			isa = PBXGroup;
			children = (
				605A63CA2684E63300FEB64B /* FruitCardView.swift */,
				605A63CC2684EA9400FEB64B /* StartButtonView.swift */,
				6070D58E269DE60800C0DFCF /* FruitRowView.swift */,
				600C400C26A09FCC005A2EB4 /* FruitHeaderView.swift */,
				600C400E26A0A296005A2EB4 /* SourceLinkView.swift */,
			);
			path = View;
			sourceTree = "<group>";
		};
		605A63D02684F14000FEB64B /* Model */ = {
			isa = PBXGroup;
			children = (
				605A63D12684F15800FEB64B /* FruitModel.swift */,
			);
			path = Model;
			sourceTree = "<group>";
		};
		605A63D32684F26E00FEB64B /* Data */ = {
			isa = PBXGroup;
			children = (
				605A63D42684F27A00FEB64B /* FruitData.swift */,
			);
			path = Data;
			sourceTree = "<group>";
		};
/* End PBXGroup section */

/* Begin PBXNativeTarget section */
		605A63B52684E4E800FEB64B /* Fructus */ = {
			isa = PBXNativeTarget;
			buildConfigurationList = 605A63C52684E4E800FEB64B /* Build configuration list for PBXNativeTarget "Fructus" */;
			buildPhases = (
				605A63B22684E4E800FEB64B /* Sources */,
				605A63B32684E4E800FEB64B /* Frameworks */,
				605A63B42684E4E800FEB64B /* Resources */,
			);
			buildRules = (
			);
			dependencies = (
			);
			name = Fructus;
			productName = Fructus;
			productReference = 605A63B62684E4E800FEB64B /* Fructus.app */;
			productType = "com.apple.product-type.application";
		};
/* End PBXNativeTarget section */

/* Begin PBXProject section */
		605A63AE2684E4E800FEB64B /* Project object */ = {
			isa = PBXProject;
			attributes = {
				LastSwiftUpdateCheck = 1250;
				LastUpgradeCheck = 1250;
				TargetAttributes = {
					605A63B52684E4E800FEB64B = {
						CreatedOnToolsVersion = 12.5;
					};
				};
			};
			buildConfigurationList = 605A63B12684E4E800FEB64B /* Build configuration list for PBXProject "Fructus" */;
			compatibilityVersion = "Xcode 9.3";
			developmentRegion = en;
			hasScannedForEncodings = 0;
			knownRegions = (
				en,
				Base,
			);
			mainGroup = 605A63AD2684E4E800FEB64B;
			productRefGroup = 605A63B72684E4E800FEB64B /* Products */;
			projectDirPath = "";
			projectRoot = "";
			targets = (
				605A63B52684E4E800FEB64B /* Fructus */,
			);
		};
/* End PBXProject section */

/* Begin PBXResourcesBuildPhase section */
		605A63B42684E4E800FEB64B /* Resources */ = {
			isa = PBXResourcesBuildPhase;
			buildActionMask = 2147483647;
			files = (
				605A63C12684E4E800FEB64B /* Preview Assets.xcassets in Resources */,
				605A63BE2684E4E800FEB64B /* Assets.xcassets in Resources */,
			);
			runOnlyForDeploymentPostprocessing = 0;
		};
/* End PBXResourcesBuildPhase section */

/* Begin PBXSourcesBuildPhase section */
		605A63B22684E4E800FEB64B /* Sources */ = {
			isa = PBXSourcesBuildPhase;
			buildActionMask = 2147483647;
			files = (
				605A63D52684F27A00FEB64B /* FruitData.swift in Sources */,
				600C400F26A0A296005A2EB4 /* SourceLinkView.swift in Sources */,
				605A63CB2684E63300FEB64B /* FruitCardView.swift in Sources */,
				6070D58F269DE60800C0DFCF /* FruitRowView.swift in Sources */,
				605A63CD2684EA9400FEB64B /* StartButtonView.swift in Sources */,
				600C400B26A09BF7005A2EB4 /* FruitDetailView.swift in Sources */,
				605A63BC2684E4E800FEB64B /* ContentView.swift in Sources */,
				600C400D26A09FCC005A2EB4 /* FruitHeaderView.swift in Sources */,
				605A63CF2684EE5900FEB64B /* OnboardingView.swift in Sources */,
				605A63D22684F15800FEB64B /* FruitModel.swift in Sources */,
				605A63BA2684E4E800FEB64B /* FructusApp.swift in Sources */,
			);
			runOnlyForDeploymentPostprocessing = 0;
		};
/* End PBXSourcesBuildPhase section */

/* Begin XCBuildConfiguration section */
		605A63C32684E4E800FEB64B /* Debug */ = {
			isa = XCBuildConfiguration;
			buildSettings = {
				ALWAYS_SEARCH_USER_PATHS = NO;
				CLANG_ANALYZER_NONNULL = YES;
				CLANG_ANALYZER_NUMBER_OBJECT_CONVERSION = YES_AGGRESSIVE;
				CLANG_CXX_LANGUAGE_STANDARD = "gnu++14";
				CLANG_CXX_LIBRARY = "libc++";
				CLANG_ENABLE_MODULES = YES;
				CLANG_ENABLE_OBJC_ARC = YES;
				CLANG_ENABLE_OBJC_WEAK = YES;
				CLANG_WARN_BLOCK_CAPTURE_AUTORELEASING = YES;
				CLANG_WARN_BOOL_CONVERSION = YES;
				CLANG_WARN_COMMA = YES;
				CLANG_WARN_CONSTANT_CONVERSION = YES;
				CLANG_WARN_DEPRECATED_OBJC_IMPLEMENTATIONS = YES;
				CLANG_WARN_DIRECT_OBJC_ISA_USAGE = YES_ERROR;
				CLANG_WARN_DOCUMENTATION_COMMENTS = YES;
				CLANG_WARN_EMPTY_BODY = YES;
				CLANG_WARN_ENUM_CONVERSION = YES;
				CLANG_WARN_INFINITE_RECURSION = YES;
				CLANG_WARN_INT_CONVERSION = YES;
				CLANG_WARN_NON_LITERAL_NULL_CONVERSION = YES;
				CLANG_WARN_OBJC_IMPLICIT_RETAIN_SELF = YES;
				CLANG_WARN_OBJC_LITERAL_CONVERSION = YES;
				CLANG_WARN_OBJC_ROOT_CLASS = YES_ERROR;
				CLANG_WARN_QUOTED_INCLUDE_IN_FRAMEWORK_HEADER = YES;
				CLANG_WARN_RANGE_LOOP_ANALYSIS = YES;
				CLANG_WARN_STRICT_PROTOTYPES = YES;
				CLANG_WARN_SUSPICIOUS_MOVE = YES;
				CLANG_WARN_UNGUARDED_AVAILABILITY = YES_AGGRESSIVE;
				CLANG_WARN_UNREACHABLE_CODE = YES;
				CLANG_WARN__DUPLICATE_METHOD_MATCH = YES;
				COPY_PHASE_STRIP = NO;
				DEBUG_INFORMATION_FORMAT = dwarf;
				ENABLE_STRICT_OBJC_MSGSEND = YES;
				ENABLE_TESTABILITY = YES;
				GCC_C_LANGUAGE_STANDARD = gnu11;
				GCC_DYNAMIC_NO_PIC = NO;
				GCC_NO_COMMON_BLOCKS = YES;
				GCC_OPTIMIZATION_LEVEL = 0;
				GCC_PREPROCESSOR_DEFINITIONS = (
					"DEBUG=1",
					"$(inherited)",
				);
				GCC_WARN_64_TO_32_BIT_CONVERSION = YES;
				GCC_WARN_ABOUT_RETURN_TYPE = YES_ERROR;
				GCC_WARN_UNDECLARED_SELECTOR = YES;
				GCC_WARN_UNINITIALIZED_AUTOS = YES_AGGRESSIVE;
				GCC_WARN_UNUSED_FUNCTION = YES;
				GCC_WARN_UNUSED_VARIABLE = YES;
				IPHONEOS_DEPLOYMENT_TARGET = 14.5;
				MTL_ENABLE_DEBUG_INFO = INCLUDE_SOURCE;
				MTL_FAST_MATH = YES;
				ONLY_ACTIVE_ARCH = YES;
				SDKROOT = iphoneos;
				SWIFT_ACTIVE_COMPILATION_CONDITIONS = DEBUG;
				SWIFT_OPTIMIZATION_LEVEL = "-Onone";
			};
			name = Debug;
		};
		605A63C42684E4E800FEB64B /* Release */ = {
			isa = XCBuildConfiguration;
			buildSettings = {
				ALWAYS_SEARCH_USER_PATHS = NO;
				CLANG_ANALYZER_NONNULL = YES;
				CLANG_ANALYZER_NUMBER_OBJECT_CONVERSION = YES_AGGRESSIVE;
				CLANG_CXX_LANGUAGE_STANDARD = "gnu++14";
				CLANG_CXX_LIBRARY = "libc++";
				CLANG_ENABLE_MODULES = YES;
				CLANG_ENABLE_OBJC_ARC = YES;
				CLANG_ENABLE_OBJC_WEAK = YES;
				CLANG_WARN_BLOCK_CAPTURE_AUTORELEASING = YES;
				CLANG_WARN_BOOL_CONVERSION = YES;
				CLANG_WARN_COMMA = YES;
				CLANG_WARN_CONSTANT_CONVERSION = YES;
				CLANG_WARN_DEPRECATED_OBJC_IMPLEMENTATIONS = YES;
				CLANG_WARN_DIRECT_OBJC_ISA_USAGE = YES_ERROR;
				CLANG_WARN_DOCUMENTATION_COMMENTS = YES;
				CLANG_WARN_EMPTY_BODY = YES;
				CLANG_WARN_ENUM_CONVERSION = YES;
				CLANG_WARN_INFINITE_RECURSION = YES;
				CLANG_WARN_INT_CONVERSION = YES;
				CLANG_WARN_NON_LITERAL_NULL_CONVERSION = YES;
				CLANG_WARN_OBJC_IMPLICIT_RETAIN_SELF = YES;
				CLANG_WARN_OBJC_LITERAL_CONVERSION = YES;
				CLANG_WARN_OBJC_ROOT_CLASS = YES_ERROR;
				CLANG_WARN_QUOTED_INCLUDE_IN_FRAMEWORK_HEADER = YES;
				CLANG_WARN_RANGE_LOOP_ANALYSIS = YES;
				CLANG_WARN_STRICT_PROTOTYPES = YES;
				CLANG_WARN_SUSPICIOUS_MOVE = YES;
				CLANG_WARN_UNGUARDED_AVAILABILITY = YES_AGGRESSIVE;
				CLANG_WARN_UNREACHABLE_CODE = YES;
				CLANG_WARN__DUPLICATE_METHOD_MATCH = YES;
				COPY_PHASE_STRIP = NO;
				DEBUG_INFORMATION_FORMAT = "dwarf-with-dsym";
				ENABLE_NS_ASSERTIONS = NO;
				ENABLE_STRICT_OBJC_MSGSEND = YES;
				GCC_C_LANGUAGE_STANDARD = gnu11;
				GCC_NO_COMMON_BLOCKS = YES;
				GCC_WARN_64_TO_32_BIT_CONVERSION = YES;
				GCC_WARN_ABOUT_RETURN_TYPE = YES_ERROR;
				GCC_WARN_UNDECLARED_SELECTOR = YES;
				GCC_WARN_UNINITIALIZED_AUTOS = YES_AGGRESSIVE;
				GCC_WARN_UNUSED_FUNCTION = YES;
				GCC_WARN_UNUSED_VARIABLE = YES;
				IPHONEOS_DEPLOYMENT_TARGET = 14.5;
				MTL_ENABLE_DEBUG_INFO = NO;
				MTL_FAST_MATH = YES;
				SDKROOT = iphoneos;
				SWIFT_COMPILATION_MODE = wholemodule;
				SWIFT_OPTIMIZATION_LEVEL = "-O";
				VALIDATE_PRODUCT = YES;
			};
			name = Release;
		};
		605A63C62684E4E800FEB64B /* Debug */ = {
			isa = XCBuildConfiguration;
			buildSettings = {
				ASSETCATALOG_COMPILER_APPICON_NAME = AppIcon;
				ASSETCATALOG_COMPILER_GLOBAL_ACCENT_COLOR_NAME = AccentColor;
				CODE_SIGN_IDENTITY = "Apple Development";
				CODE_SIGN_STYLE = Automatic;
				DEVELOPMENT_ASSET_PATHS = "\"Fructus/Preview Content\"";
				DEVELOPMENT_TEAM = 7VL5533SK6;
				ENABLE_PREVIEWS = YES;
				INFOPLIST_FILE = Fructus/Info.plist;
				IPHONEOS_DEPLOYMENT_TARGET = 14.0;
				LD_RUNPATH_SEARCH_PATHS = (
					"$(inherited)",
					"@executable_path/Frameworks",
				);
				PRODUCT_BUNDLE_IDENTIFIER = com.itmorelia.marcorota.Fructus;
				PRODUCT_NAME = "$(TARGET_NAME)";
				PROVISIONING_PROFILE_SPECIFIER = "";
				SWIFT_VERSION = 5.0;
				TARGETED_DEVICE_FAMILY = "1,2";
			};
			name = Debug;
		};
		605A63C72684E4E800FEB64B /* Release */ = {
			isa = XCBuildConfiguration;
			buildSettings = {
				ASSETCATALOG_COMPILER_APPICON_NAME = AppIcon;
				ASSETCATALOG_COMPILER_GLOBAL_ACCENT_COLOR_NAME = AccentColor;
				CODE_SIGN_IDENTITY = "Apple Development";
				CODE_SIGN_STYLE = Automatic;
				DEVELOPMENT_ASSET_PATHS = "\"Fructus/Preview Content\"";
				DEVELOPMENT_TEAM = 7VL5533SK6;
				ENABLE_PREVIEWS = YES;
				INFOPLIST_FILE = Fructus/Info.plist;
				IPHONEOS_DEPLOYMENT_TARGET = 14.0;
				LD_RUNPATH_SEARCH_PATHS = (
					"$(inherited)",
					"@executable_path/Frameworks",
				);
				PRODUCT_BUNDLE_IDENTIFIER = com.itmorelia.marcorota.Fructus;
				PRODUCT_NAME = "$(TARGET_NAME)";
				PROVISIONING_PROFILE_SPECIFIER = "";
				SWIFT_VERSION = 5.0;
				TARGETED_DEVICE_FAMILY = "1,2";
			};
			name = Release;
		};
/* End XCBuildConfiguration section */

/* Begin XCConfigurationList section */
		605A63B12684E4E800FEB64B /* Build configuration list for PBXProject "Fructus" */ = {
			isa = XCConfigurationList;
			buildConfigurations = (
				605A63C32684E4E800FEB64B /* Debug */,
				605A63C42684E4E800FEB64B /* Release */,
			);
			defaultConfigurationIsVisible = 0;
			defaultConfigurationName = Release;
		};
		605A63C52684E4E800FEB64B /* Build configuration list for PBXNativeTarget "Fructus" */ = {
			isa = XCConfigurationList;
			buildConfigurations = (
				605A63C62684E4E800FEB64B /* Debug */,
				605A63C72684E4E800FEB64B /* Release */,
			);
			defaultConfigurationIsVisible = 0;
			defaultConfigurationName = Release;
		};
/* End XCConfigurationList section */
	};
	rootObject = 605A63AE2684E4E800FEB64B /* Project object */;
}
